
Microsoft Visual Studio Solution File, Format Version 12.00
# Visual Studio Version 16
VisualStudioVersion = 16.0.32602.291
MinimumVisualStudioVersion = 10.0.40219.1
Project("{9A19103F-16F7-4668-BE54-9A1E7A4F7556}") = "VirtualList.Data", "VirtualList.Data\VirtualList.Data.csproj", "{8B8CABD1-A793-429A-812A-ED6F30D148D1}"
EndProject
Project("{9A19103F-16F7-4668-BE54-9A1E7A4F7556}") = "VirtualList.Forms", "VirtualList.Forms\VirtualList.Forms.csproj", "{B148CACB-50EE-410F-ADD1-BBB29BB1F8BB}"
EndProject
Project("{9A19103F-16F7-4668-BE54-9A1E7A4F7556}") = "VirtualList.DataStd", "VirtualList.DataStd\VirtualList.DataStd.csproj", "{AD2F7A84-347C-4A7D-ACEA-B838325AFE32}"
EndProject
Project("{9A19103F-16F7-4668-BE54-9A1E7A4F7556}") = "VirtualList.Wpf", "VirtualList.Wpf\VirtualList.Wpf.csproj", "{47B48788-A7F2-4984-B738-66EA5BC0CAC8}"
EndProject
Project("{FAE04EC0-301F-11D3-BF4B-00C04F79EFBC}") = "VirtualList.Uwp", "VirtualList.Uwp\VirtualList.Uwp.csproj", "{88DFA8B5-761C-41AC-A5B6-EEC23DB9BE17}"
EndProject
Project("{9A19103F-16F7-4668-BE54-9A1E7A4F7556}") = "VirtualList.LoadData", "VirtualList.LoadData\VirtualList.LoadData.csproj", "{70B9E241-92C5-4F92-8964-D96C560FEC88}"
EndProject
Global
	GlobalSection(SolutionConfigurationPlatforms) = preSolution
		Debug|Any CPU = Debug|Any CPU
		Debug|ARM = Debug|ARM
		Debug|ARM64 = Debug|ARM64
		Debug|x64 = Debug|x64
		Debug|x86 = Debug|x86
		Release|Any CPU = Release|Any CPU
		Release|ARM = Release|ARM
		Release|ARM64 = Release|ARM64
		Release|x64 = Release|x64
		Release|x86 = Release|x86
	EndGlobalSection
	GlobalSection(ProjectConfigurationPlatforms) = postSolution
		{8B8CABD1-A793-429A-812A-ED6F30D148D1}.Debug|Any CPU.ActiveCfg = Debug|Any CPU
		{8B8CABD1-A793-429A-812A-ED6F30D148D1}.Debug|Any CPU.Build.0 = Debug|Any CPU
		{8B8CABD1-A793-429A-812A-ED6F30D148D1}.Debug|ARM.ActiveCfg = Debug|Any CPU
		{8B8CABD1-A793-429A-812A-ED6F30D148D1}.Debug|ARM.Build.0 = Debug|Any CPU
		{8B8CABD1-A793-429A-812A-ED6F30D148D1}.Debug|ARM64.ActiveCfg = Debug|Any CPU
		{8B8CABD1-A793-429A-812A-ED6F30D148D1}.Debug|ARM64.Build.0 = Debug|Any CPU
		{8B8CABD1-A793-429A-812A-ED6F30D148D1}.Debug|x64.ActiveCfg = Debug|Any CPU
		{8B8CABD1-A793-429A-812A-ED6F30D148D1}.Debug|x64.Build.0 = Debug|Any CPU
		{8B8CABD1-A793-429A-812A-ED6F30D148D1}.Debug|x86.ActiveCfg = Debug|Any CPU
		{8B8CABD1-A793-429A-812A-ED6F30D148D1}.Debug|x86.Build.0 = Debug|Any CPU
		{8B8CABD1-A793-429A-812A-ED6F30D148D1}.Release|Any CPU.ActiveCfg = Release|Any CPU
		{8B8CABD1-A793-429A-812A-ED6F30D148D1}.Release|Any CPU.Build.0 = Release|Any CPU
		{8B8CABD1-A793-429A-812A-ED6F30D148D1}.Release|ARM.ActiveCfg = Release|Any CPU
		{8B8CABD1-A793-429A-812A-ED6F30D148D1}.Release|ARM.Build.0 = Release|Any CPU
		{8B8CABD1-A793-429A-812A-ED6F30D148D1}.Release|ARM64.ActiveCfg = Release|Any CPU
		{8B8CABD1-A793-429A-812A-ED6F30D148D1}.Release|ARM64.Build.0 = Release|Any CPU
		{8B8CABD1-A793-429A-812A-ED6F30D148D1}.Release|x64.ActiveCfg = Release|Any CPU
		{8B8CABD1-A793-429A-812A-ED6F30D148D1}.Release|x64.Build.0 = Release|Any CPU
		{8B8CABD1-A793-429A-812A-ED6F30D148D1}.Release|x86.ActiveCfg = Release|Any CPU
		{8B8CABD1-A793-429A-812A-ED6F30D148D1}.Release|x86.Build.0 = Release|Any CPU
		{B148CACB-50EE-410F-ADD1-BBB29BB1F8BB}.Debug|Any CPU.ActiveCfg = Debug|Any CPU
		{B148CACB-50EE-410F-ADD1-BBB29BB1F8BB}.Debug|Any CPU.Build.0 = Debug|Any CPU
		{B148CACB-50EE-410F-ADD1-BBB29BB1F8BB}.Debug|ARM.ActiveCfg = Debug|Any CPU
		{B148CACB-50EE-410F-ADD1-BBB29BB1F8BB}.Debug|ARM.Build.0 = Debug|Any CPU
		{B148CACB-50EE-410F-ADD1-BBB29BB1F8BB}.Debug|ARM64.ActiveCfg = Debug|Any CPU
		{B148CACB-50EE-410F-ADD1-BBB29BB1F8BB}.Debug|ARM64.Build.0 = Debug|Any CPU
		{B148CACB-50EE-410F-ADD1-BBB29BB1F8BB}.Debug|x64.ActiveCfg = Debug|Any CPU
		{B148CACB-50EE-410F-ADD1-BBB29BB1F8BB}.Debug|x64.Build.0 = Debug|Any CPU
		{B148CACB-50EE-410F-ADD1-BBB29BB1F8BB}.Debug|x86.ActiveCfg = Debug|Any CPU
		{B148CACB-50EE-410F-ADD1-BBB29BB1F8BB}.Debug|x86.Build.0 = Debug|Any CPU
		{B148CACB-50EE-410F-ADD1-BBB29BB1F8BB}.Release|Any CPU.ActiveCfg = Release|Any CPU
		{B148CACB-50EE-410F-ADD1-BBB29BB1F8BB}.Release|Any CPU.Build.0 = Release|Any CPU
		{B148CACB-50EE-410F-ADD1-BBB29BB1F8BB}.Release|ARM.ActiveCfg = Release|Any CPU
		{B148CACB-50EE-410F-ADD1-BBB29BB1F8BB}.Release|ARM.Build.0 = Release|Any CPU
		{B148CACB-50EE-410F-ADD1-BBB29BB1F8BB}.Release|ARM64.ActiveCfg = Release|Any CPU
		{B148CACB-50EE-410F-ADD1-BBB29BB1F8BB}.Release|ARM64.Build.0 = Release|Any CPU
		{B148CACB-50EE-410F-ADD1-BBB29BB1F8BB}.Release|x64.ActiveCfg = Release|Any CPU
		{B148CACB-50EE-410F-ADD1-BBB29BB1F8BB}.Release|x64.Build.0 = Release|Any CPU
		{B148CACB-50EE-410F-ADD1-BBB29BB1F8BB}.Release|x86.ActiveCfg = Release|Any CPU
		{B148CACB-50EE-410F-ADD1-BBB29BB1F8BB}.Release|x86.Build.0 = Release|Any CPU
		{AD2F7A84-347C-4A7D-ACEA-B838325AFE32}.Debug|Any CPU.ActiveCfg = Debug|Any CPU
		{AD2F7A84-347C-4A7D-ACEA-B838325AFE32}.Debug|Any CPU.Build.0 = Debug|Any CPU
		{AD2F7A84-347C-4A7D-ACEA-B838325AFE32}.Debug|ARM.ActiveCfg = Debug|Any CPU
		{AD2F7A84-347C-4A7D-ACEA-B838325AFE32}.Debug|ARM.Build.0 = Debug|Any CPU
		{AD2F7A84-347C-4A7D-ACEA-B838325AFE32}.Debug|ARM64.ActiveCfg = Debug|Any CPU
		{AD2F7A84-347C-4A7D-ACEA-B838325AFE32}.Debug|ARM64.Build.0 = Debug|Any CPU
		{AD2F7A84-347C-4A7D-ACEA-B838325AFE32}.Debug|x64.ActiveCfg = Debug|Any CPU
		{AD2F7A84-347C-4A7D-ACEA-B838325AFE32}.Debug|x64.Build.0 = Debug|Any CPU
		{AD2F7A84-347C-4A7D-ACEA-B838325AFE32}.Debug|x86.ActiveCfg = Debug|Any CPU
		{AD2F7A84-347C-4A7D-ACEA-B838325AFE32}.Debug|x86.Build.0 = Debug|Any CPU
		{AD2F7A84-347C-4A7D-ACEA-B838325AFE32}.Release|Any CPU.ActiveCfg = Release|Any CPU
		{AD2F7A84-347C-4A7D-ACEA-B838325AFE32}.Release|Any CPU.Build.0 = Release|Any CPU
		{AD2F7A84-347C-4A7D-ACEA-B838325AFE32}.Release|ARM.ActiveCfg = Release|Any CPU
		{AD2F7A84-347C-4A7D-ACEA-B838325AFE32}.Release|ARM.Build.0 = Release|Any CPU
		{AD2F7A84-347C-4A7D-ACEA-B838325AFE32}.Release|ARM64.ActiveCfg = Release|Any CPU
		{AD2F7A84-347C-4A7D-ACEA-B838325AFE32}.Release|ARM64.Build.0 = Release|Any CPU
		{AD2F7A84-347C-4A7D-ACEA-B838325AFE32}.Release|x64.ActiveCfg = Release|Any CPU
		{AD2F7A84-347C-4A7D-ACEA-B838325AFE32}.Release|x64.Build.0 = Release|Any CPU
		{AD2F7A84-347C-4A7D-ACEA-B838325AFE32}.Release|x86.ActiveCfg = Release|Any CPU
		{AD2F7A84-347C-4A7D-ACEA-B838325AFE32}.Release|x86.Build.0 = Release|Any CPU
		{47B48788-A7F2-4984-B738-66EA5BC0CAC8}.Debug|Any CPU.ActiveCfg = Debug|Any CPU
		{47B48788-A7F2-4984-B738-66EA5BC0CAC8}.Debug|Any CPU.Build.0 = Debug|Any CPU
		{47B48788-A7F2-4984-B738-66EA5BC0CAC8}.Debug|ARM.ActiveCfg = Debug|Any CPU
		{47B48788-A7F2-4984-B738-66EA5BC0CAC8}.Debug|ARM.Build.0 = Debug|Any CPU
		{47B48788-A7F2-4984-B738-66EA5BC0CAC8}.Debug|ARM64.ActiveCfg = Debug|Any CPU
		{47B48788-A7F2-4984-B738-66EA5BC0CAC8}.Debug|ARM64.Build.0 = Debug|Any CPU
		{47B48788-A7F2-4984-B738-66EA5BC0CAC8}.Debug|x64.ActiveCfg = Debug|Any CPU
		{47B48788-A7F2-4984-B738-66EA5BC0CAC8}.Debug|x64.Build.0 = Debug|Any CPU
		{47B48788-A7F2-4984-B738-66EA5BC0CAC8}.Debug|x86.ActiveCfg = Debug|Any CPU
		{47B48788-A7F2-4984-B738-66EA5BC0CAC8}.Debug|x86.Build.0 = Debug|Any CPU
		{47B48788-A7F2-4984-B738-66EA5BC0CAC8}.Release|Any CPU.ActiveCfg = Release|Any CPU
		{47B48788-A7F2-4984-B738-66EA5BC0CAC8}.Release|Any CPU.Build.0 = Release|Any CPU
		{47B48788-A7F2-4984-B738-66EA5BC0CAC8}.Release|ARM.ActiveCfg = Release|Any CPU
		{47B48788-A7F2-4984-B738-66EA5BC0CAC8}.Release|ARM.Build.0 = Release|Any CPU
		{47B48788-A7F2-4984-B738-66EA5BC0CAC8}.Release|ARM64.ActiveCfg = Release|Any CPU
		{47B48788-A7F2-4984-B738-66EA5BC0CAC8}.Release|ARM64.Build.0 = Release|Any CPU
		{47B48788-A7F2-4984-B738-66EA5BC0CAC8}.Release|x64.ActiveCfg = Release|Any CPU
		{47B48788-A7F2-4984-B738-66EA5BC0CAC8}.Release|x64.Build.0 = Release|Any CPU
		{47B48788-A7F2-4984-B738-66EA5BC0CAC8}.Release|x86.ActiveCfg = Release|Any CPU
		{47B48788-A7F2-4984-B738-66EA5BC0CAC8}.Release|x86.Build.0 = Release|Any CPU
		{88DFA8B5-761C-41AC-A5B6-EEC23DB9BE17}.Debug|Any CPU.ActiveCfg = Debug|x64
		{88DFA8B5-761C-41AC-A5B6-EEC23DB9BE17}.Debug|Any CPU.Build.0 = Debug|x64
		{88DFA8B5-761C-41AC-A5B6-EEC23DB9BE17}.Debug|Any CPU.Deploy.0 = Debug|x64
		{88DFA8B5-761C-41AC-A5B6-EEC23DB9BE17}.Debug|ARM.ActiveCfg = Debug|ARM
		{88DFA8B5-761C-41AC-A5B6-EEC23DB9BE17}.Debug|ARM.Build.0 = Debug|ARM
		{88DFA8B5-761C-41AC-A5B6-EEC23DB9BE17}.Debug|ARM.Deploy.0 = Debug|ARM
		{88DFA8B5-761C-41AC-A5B6-EEC23DB9BE17}.Debug|ARM64.ActiveCfg = Debug|ARM64
		{88DFA8B5-761C-41AC-A5B6-EEC23DB9BE17}.Debug|ARM64.Build.0 = Debug|ARM64
		{88DFA8B5-761C-41AC-A5B6-EEC23DB9BE17}.Debug|ARM64.Deploy.0 = Debug|ARM64
		{88DFA8B5-761C-41AC-A5B6-EEC23DB9BE17}.Debug|x64.ActiveCfg = Debug|x64
		{88DFA8B5-761C-41AC-A5B6-EEC23DB9BE17}.Debug|x64.Build.0 = Debug|x64
		{88DFA8B5-761C-41AC-A5B6-EEC23DB9BE17}.Debug|x64.Deploy.0 = Debug|x64
		{88DFA8B5-761C-41AC-A5B6-EEC23DB9BE17}.Debug|x86.ActiveCfg = Debug|x86
		{88DFA8B5-761C-41AC-A5B6-EEC23DB9BE17}.Debug|x86.Build.0 = Debug|x86
		{88DFA8B5-761C-41AC-A5B6-EEC23DB9BE17}.Debug|x86.Deploy.0 = Debug|x86
		{88DFA8B5-761C-41AC-A5B6-EEC23DB9BE17}.Release|Any CPU.ActiveCfg = Release|x64
		{88DFA8B5-761C-41AC-A5B6-EEC23DB9BE17}.Release|Any CPU.Build.0 = Release|x64
		{88DFA8B5-761C-41AC-A5B6-EEC23DB9BE17}.Release|Any CPU.Deploy.0 = Release|x64
		{88DFA8B5-761C-41AC-A5B6-EEC23DB9BE17}.Release|ARM.ActiveCfg = Release|ARM
		{88DFA8B5-761C-41AC-A5B6-EEC23DB9BE17}.Release|ARM.Build.0 = Release|ARM
		{88DFA8B5-761C-41AC-A5B6-EEC23DB9BE17}.Release|ARM.Deploy.0 = Release|ARM
		{88DFA8B5-761C-41AC-A5B6-EEC23DB9BE17}.Release|ARM64.ActiveCfg = Release|ARM64
		{88DFA8B5-761C-41AC-A5B6-EEC23DB9BE17}.Release|ARM64.Build.0 = Release|ARM64
		{88DFA8B5-761C-41AC-A5B6-EEC23DB9BE17}.Release|ARM64.Deploy.0 = Release|ARM64
		{88DFA8B5-761C-41AC-A5B6-EEC23DB9BE17}.Release|x64.ActiveCfg = Release|x64
		{88DFA8B5-761C-41AC-A5B6-EEC23DB9BE17}.Release|x64.Build.0 = Release|x64
		{88DFA8B5-761C-41AC-A5B6-EEC23DB9BE17}.Release|x64.Deploy.0 = Release|x64
		{88DFA8B5-761C-41AC-A5B6-EEC23DB9BE17}.Release|x86.ActiveCfg = Release|x86
		{88DFA8B5-761C-41AC-A5B6-EEC23DB9BE17}.Release|x86.Build.0 = Release|x86
		{88DFA8B5-761C-41AC-A5B6-EEC23DB9BE17}.Release|x86.Deploy.0 = Release|x86
		{70B9E241-92C5-4F92-8964-D96C560FEC88}.Debug|Any CPU.ActiveCfg = Debug|Any CPU
		{70B9E241-92C5-4F92-8964-D96C560FEC88}.Debug|Any CPU.Build.0 = Debug|Any CPU
		{70B9E241-92C5-4F92-8964-D96C560FEC88}.Debug|ARM.ActiveCfg = Debug|Any CPU
		{70B9E241-92C5-4F92-8964-D96C560FEC88}.Debug|ARM.Build.0 = Debug|Any CPU
		{70B9E241-92C5-4F92-8964-D96C560FEC88}.Debug|ARM64.ActiveCfg = Debug|Any CPU
		{70B9E241-92C5-4F92-8964-D96C560FEC88}.Debug|ARM64.Build.0 = Debug|Any CPU
		{70B9E241-92C5-4F92-8964-D96C560FEC88}.Debug|x64.ActiveCfg = Debug|Any CPU
		{70B9E241-92C5-4F92-8964-D96C560FEC88}.Debug|x64.Build.0 = Debug|Any CPU
		{70B9E241-92C5-4F92-8964-D96C560FEC88}.Debug|x86.ActiveCfg = Debug|Any CPU
		{70B9E241-92C5-4F92-8964-D96C560FEC88}.Debug|x86.Build.0 = Debug|Any CPU
		{70B9E241-92C5-4F92-8964-D96C560FEC88}.Release|Any CPU.ActiveCfg = Release|Any CPU
		{70B9E241-92C5-4F92-8964-D96C560FEC88}.Release|Any CPU.Build.0 = Release|Any CPU
		{70B9E241-92C5-4F92-8964-D96C560FEC88}.Release|ARM.ActiveCfg = Release|Any CPU
		{70B9E241-92C5-4F92-8964-D96C560FEC88}.Release|ARM.Build.0 = Release|Any CPU
		{70B9E241-92C5-4F92-8964-D96C560FEC88}.Release|ARM64.ActiveCfg = Release|Any CPU
		{70B9E241-92C5-4F92-8964-D96C560FEC88}.Release|ARM64.Build.0 = Release|Any CPU
		{70B9E241-92C5-4F92-8964-D96C560FEC88}.Release|x64.ActiveCfg = Release|Any CPU
		{70B9E241-92C5-4F92-8964-D96C560FEC88}.Release|x64.Build.0 = Release|Any CPU
		{70B9E241-92C5-4F92-8964-D96C560FEC88}.Release|x86.ActiveCfg = Release|Any CPU
		{70B9E241-92C5-4F92-8964-D96C560FEC88}.Release|x86.Build.0 = Release|Any CPU
	EndGlobalSection
	GlobalSection(SolutionProperties) = preSolution
		HideSolutionNode = FALSE
	EndGlobalSection
	GlobalSection(ExtensibilityGlobals) = postSolution
		SolutionGuid = {D11EE61A-CF30-4E92-A6D5-FB88E00A4C93}
	EndGlobalSection
EndGlobal
