
Microsoft Visual Studio Solution File, Format Version 12.00
# Visual Studio Version 17
VisualStudioVersion = 17.3.32922.545
MinimumVisualStudioVersion = 10.0.40219.1
Project("{2150E333-8FDC-42A3-9474-1A3956D46DE8}") = "Sample", "Sample", "{1A6E8344-092D-4FFB-9D1F-B5A9BF62B37C}"
EndProject
Project("{FAE04EC0-301F-11D3-BF4B-00C04F79EFBC}") = "Sample.Uwp", "Sample\Sample.Uwp\Sample.Uwp.csproj", "{88DFA8B5-761C-41AC-A5B6-EEC23DB9BE17}"
EndProject
Project("{FAE04EC0-301F-11D3-BF4B-00C04F79EFBC}") = "VirtualList.Uwp", "VirtualList.Uwp\VirtualList.Uwp.csproj", "{5837EBB5-E920-4DD9-9146-68545450ACC8}"
EndProject
Project("{9A19103F-16F7-4668-BE54-9A1E7A4F7556}") = "Sample.Data", "Sample\Sample.Data\Sample.Data.csproj", "{DCB8C5A7-5EA9-4541-B2E3-E3CA83566622}"
EndProject
Project("{9A19103F-16F7-4668-BE54-9A1E7A4F7556}") = "Sample.Wpf", "Sample\Sample.Wpf\Sample.Wpf.csproj", "{224E71DF-7F8F-424E-B806-A80875B409F9}"
EndProject
Project("{9A19103F-16F7-4668-BE54-9A1E7A4F7556}") = "Sample.WinUi", "Sample\Sample.WinUi\Sample.WinUi.csproj", "{5BF0AA4A-5FE4-45F7-BE4C-C065BB1C98B0}"
EndProject
Project("{9A19103F-16F7-4668-BE54-9A1E7A4F7556}") = "Sample.Forms", "Sample\Sample.Forms\Sample.Forms.csproj", "{E8EC02EE-6D48-4D64-8050-C9B2704C48C0}"
EndProject
Project("{9A19103F-16F7-4668-BE54-9A1E7A4F7556}") = "VirtualList.Wpf", "VirtualList.Wpf\VirtualList.Wpf.csproj", "{3F931D8D-8CC4-4289-B2AC-18F82CD95701}"
EndProject
Project("{9A19103F-16F7-4668-BE54-9A1E7A4F7556}") = "VirtualList.WinUi", "VirtualList.WinUi\VirtualList.WinUi.csproj", "{2345CF2E-99FA-42AD-8F58-B714A4B1046E}"
EndProject
Global
	GlobalSection(SolutionConfigurationPlatforms) = preSolution
		Debug|Any CPU = Debug|Any CPU
		Debug|ARM = Debug|ARM
		Debug|ARM64 = Debug|ARM64
		Debug|x64 = Debug|x64
		Debug|x86 = Debug|x86
		Release|Any CPU = Release|Any CPU
		Release|ARM = Release|ARM
		Release|ARM64 = Release|ARM64
		Release|x64 = Release|x64
		Release|x86 = Release|x86
	EndGlobalSection
	GlobalSection(ProjectConfigurationPlatforms) = postSolution
		{88DFA8B5-761C-41AC-A5B6-EEC23DB9BE17}.Debug|Any CPU.ActiveCfg = Debug|x64
		{88DFA8B5-761C-41AC-A5B6-EEC23DB9BE17}.Debug|Any CPU.Build.0 = Debug|x64
		{88DFA8B5-761C-41AC-A5B6-EEC23DB9BE17}.Debug|Any CPU.Deploy.0 = Debug|x64
		{88DFA8B5-761C-41AC-A5B6-EEC23DB9BE17}.Debug|ARM.ActiveCfg = Debug|ARM
		{88DFA8B5-761C-41AC-A5B6-EEC23DB9BE17}.Debug|ARM.Build.0 = Debug|ARM
		{88DFA8B5-761C-41AC-A5B6-EEC23DB9BE17}.Debug|ARM.Deploy.0 = Debug|ARM
		{88DFA8B5-761C-41AC-A5B6-EEC23DB9BE17}.Debug|ARM64.ActiveCfg = Debug|ARM64
		{88DFA8B5-761C-41AC-A5B6-EEC23DB9BE17}.Debug|ARM64.Build.0 = Debug|ARM64
		{88DFA8B5-761C-41AC-A5B6-EEC23DB9BE17}.Debug|ARM64.Deploy.0 = Debug|ARM64
		{88DFA8B5-761C-41AC-A5B6-EEC23DB9BE17}.Debug|x64.ActiveCfg = Debug|x64
		{88DFA8B5-761C-41AC-A5B6-EEC23DB9BE17}.Debug|x64.Build.0 = Debug|x64
		{88DFA8B5-761C-41AC-A5B6-EEC23DB9BE17}.Debug|x64.Deploy.0 = Debug|x64
		{88DFA8B5-761C-41AC-A5B6-EEC23DB9BE17}.Debug|x86.ActiveCfg = Debug|x86
		{88DFA8B5-761C-41AC-A5B6-EEC23DB9BE17}.Debug|x86.Build.0 = Debug|x86
		{88DFA8B5-761C-41AC-A5B6-EEC23DB9BE17}.Debug|x86.Deploy.0 = Debug|x86
		{88DFA8B5-761C-41AC-A5B6-EEC23DB9BE17}.Release|Any CPU.ActiveCfg = Release|x64
		{88DFA8B5-761C-41AC-A5B6-EEC23DB9BE17}.Release|Any CPU.Build.0 = Release|x64
		{88DFA8B5-761C-41AC-A5B6-EEC23DB9BE17}.Release|Any CPU.Deploy.0 = Release|x64
		{88DFA8B5-761C-41AC-A5B6-EEC23DB9BE17}.Release|ARM.ActiveCfg = Release|ARM
		{88DFA8B5-761C-41AC-A5B6-EEC23DB9BE17}.Release|ARM.Build.0 = Release|ARM
		{88DFA8B5-761C-41AC-A5B6-EEC23DB9BE17}.Release|ARM.Deploy.0 = Release|ARM
		{88DFA8B5-761C-41AC-A5B6-EEC23DB9BE17}.Release|ARM64.ActiveCfg = Release|ARM64
		{88DFA8B5-761C-41AC-A5B6-EEC23DB9BE17}.Release|ARM64.Build.0 = Release|ARM64
		{88DFA8B5-761C-41AC-A5B6-EEC23DB9BE17}.Release|ARM64.Deploy.0 = Release|ARM64
		{88DFA8B5-761C-41AC-A5B6-EEC23DB9BE17}.Release|x64.ActiveCfg = Release|x64
		{88DFA8B5-761C-41AC-A5B6-EEC23DB9BE17}.Release|x64.Build.0 = Release|x64
		{88DFA8B5-761C-41AC-A5B6-EEC23DB9BE17}.Release|x64.Deploy.0 = Release|x64
		{88DFA8B5-761C-41AC-A5B6-EEC23DB9BE17}.Release|x86.ActiveCfg = Release|x86
		{88DFA8B5-761C-41AC-A5B6-EEC23DB9BE17}.Release|x86.Build.0 = Release|x86
		{88DFA8B5-761C-41AC-A5B6-EEC23DB9BE17}.Release|x86.Deploy.0 = Release|x86
		{5837EBB5-E920-4DD9-9146-68545450ACC8}.Debug|Any CPU.ActiveCfg = Debug|Any CPU
		{5837EBB5-E920-4DD9-9146-68545450ACC8}.Debug|Any CPU.Build.0 = Debug|Any CPU
		{5837EBB5-E920-4DD9-9146-68545450ACC8}.Debug|ARM.ActiveCfg = Debug|ARM
		{5837EBB5-E920-4DD9-9146-68545450ACC8}.Debug|ARM.Build.0 = Debug|ARM
		{5837EBB5-E920-4DD9-9146-68545450ACC8}.Debug|ARM64.ActiveCfg = Debug|ARM64
		{5837EBB5-E920-4DD9-9146-68545450ACC8}.Debug|ARM64.Build.0 = Debug|ARM64
		{5837EBB5-E920-4DD9-9146-68545450ACC8}.Debug|x64.ActiveCfg = Debug|x64
		{5837EBB5-E920-4DD9-9146-68545450ACC8}.Debug|x64.Build.0 = Debug|x64
		{5837EBB5-E920-4DD9-9146-68545450ACC8}.Debug|x86.ActiveCfg = Debug|x86
		{5837EBB5-E920-4DD9-9146-68545450ACC8}.Debug|x86.Build.0 = Debug|x86
		{5837EBB5-E920-4DD9-9146-68545450ACC8}.Release|Any CPU.ActiveCfg = Release|Any CPU
		{5837EBB5-E920-4DD9-9146-68545450ACC8}.Release|Any CPU.Build.0 = Release|Any CPU
		{5837EBB5-E920-4DD9-9146-68545450ACC8}.Release|ARM.ActiveCfg = Release|ARM
		{5837EBB5-E920-4DD9-9146-68545450ACC8}.Release|ARM.Build.0 = Release|ARM
		{5837EBB5-E920-4DD9-9146-68545450ACC8}.Release|ARM64.ActiveCfg = Release|ARM64
		{5837EBB5-E920-4DD9-9146-68545450ACC8}.Release|ARM64.Build.0 = Release|ARM64
		{5837EBB5-E920-4DD9-9146-68545450ACC8}.Release|x64.ActiveCfg = Release|x64
		{5837EBB5-E920-4DD9-9146-68545450ACC8}.Release|x64.Build.0 = Release|x64
		{5837EBB5-E920-4DD9-9146-68545450ACC8}.Release|x86.ActiveCfg = Release|x86
		{5837EBB5-E920-4DD9-9146-68545450ACC8}.Release|x86.Build.0 = Release|x86
		{DCB8C5A7-5EA9-4541-B2E3-E3CA83566622}.Debug|Any CPU.ActiveCfg = Debug|x64
		{DCB8C5A7-5EA9-4541-B2E3-E3CA83566622}.Debug|ARM.ActiveCfg = Debug|x64
		{DCB8C5A7-5EA9-4541-B2E3-E3CA83566622}.Debug|ARM64.ActiveCfg = Debug|x64
		{DCB8C5A7-5EA9-4541-B2E3-E3CA83566622}.Debug|x64.ActiveCfg = Debug|x64
		{DCB8C5A7-5EA9-4541-B2E3-E3CA83566622}.Debug|x64.Build.0 = Debug|x64
		{DCB8C5A7-5EA9-4541-B2E3-E3CA83566622}.Debug|x86.ActiveCfg = Debug|x64
		{DCB8C5A7-5EA9-4541-B2E3-E3CA83566622}.Release|Any CPU.ActiveCfg = Release|x64
		{DCB8C5A7-5EA9-4541-B2E3-E3CA83566622}.Release|ARM.ActiveCfg = Release|x64
		{DCB8C5A7-5EA9-4541-B2E3-E3CA83566622}.Release|ARM64.ActiveCfg = Release|x64
		{DCB8C5A7-5EA9-4541-B2E3-E3CA83566622}.Release|x64.ActiveCfg = Release|x64
		{DCB8C5A7-5EA9-4541-B2E3-E3CA83566622}.Release|x86.ActiveCfg = Release|x64
		{224E71DF-7F8F-424E-B806-A80875B409F9}.Debug|Any CPU.ActiveCfg = Debug|x64
		{224E71DF-7F8F-424E-B806-A80875B409F9}.Debug|ARM.ActiveCfg = Debug|x64
		{224E71DF-7F8F-424E-B806-A80875B409F9}.Debug|ARM64.ActiveCfg = Debug|x64
		{224E71DF-7F8F-424E-B806-A80875B409F9}.Debug|x64.ActiveCfg = Debug|x64
		{224E71DF-7F8F-424E-B806-A80875B409F9}.Debug|x64.Build.0 = Debug|x64
		{224E71DF-7F8F-424E-B806-A80875B409F9}.Debug|x86.ActiveCfg = Debug|x64
		{224E71DF-7F8F-424E-B806-A80875B409F9}.Release|Any CPU.ActiveCfg = Release|x64
		{224E71DF-7F8F-424E-B806-A80875B409F9}.Release|ARM.ActiveCfg = Release|x64
		{224E71DF-7F8F-424E-B806-A80875B409F9}.Release|ARM64.ActiveCfg = Release|x64
		{224E71DF-7F8F-424E-B806-A80875B409F9}.Release|x64.ActiveCfg = Release|x64
		{224E71DF-7F8F-424E-B806-A80875B409F9}.Release|x86.ActiveCfg = Release|x64
		{5BF0AA4A-5FE4-45F7-BE4C-C065BB1C98B0}.Debug|Any CPU.ActiveCfg = Debug|x64
		{5BF0AA4A-5FE4-45F7-BE4C-C065BB1C98B0}.Debug|Any CPU.Build.0 = Debug|x64
		{5BF0AA4A-5FE4-45F7-BE4C-C065BB1C98B0}.Debug|Any CPU.Deploy.0 = Debug|x64
		{5BF0AA4A-5FE4-45F7-BE4C-C065BB1C98B0}.Debug|ARM.ActiveCfg = Debug|x64
		{5BF0AA4A-5FE4-45F7-BE4C-C065BB1C98B0}.Debug|ARM.Build.0 = Debug|x64
		{5BF0AA4A-5FE4-45F7-BE4C-C065BB1C98B0}.Debug|ARM.Deploy.0 = Debug|x64
		{5BF0AA4A-5FE4-45F7-BE4C-C065BB1C98B0}.Debug|ARM64.ActiveCfg = Debug|x64
		{5BF0AA4A-5FE4-45F7-BE4C-C065BB1C98B0}.Debug|x64.ActiveCfg = Debug|x64
		{5BF0AA4A-5FE4-45F7-BE4C-C065BB1C98B0}.Debug|x64.Build.0 = Debug|x64
		{5BF0AA4A-5FE4-45F7-BE4C-C065BB1C98B0}.Debug|x64.Deploy.0 = Debug|x64
		{5BF0AA4A-5FE4-45F7-BE4C-C065BB1C98B0}.Debug|x86.ActiveCfg = Debug|x64
		{5BF0AA4A-5FE4-45F7-BE4C-C065BB1C98B0}.Release|Any CPU.ActiveCfg = Release|x64
		{5BF0AA4A-5FE4-45F7-BE4C-C065BB1C98B0}.Release|Any CPU.Build.0 = Release|x64
		{5BF0AA4A-5FE4-45F7-BE4C-C065BB1C98B0}.Release|Any CPU.Deploy.0 = Release|x64
		{5BF0AA4A-5FE4-45F7-BE4C-C065BB1C98B0}.Release|ARM.ActiveCfg = Release|x64
		{5BF0AA4A-5FE4-45F7-BE4C-C065BB1C98B0}.Release|ARM.Build.0 = Release|x64
		{5BF0AA4A-5FE4-45F7-BE4C-C065BB1C98B0}.Release|ARM.Deploy.0 = Release|x64
		{5BF0AA4A-5FE4-45F7-BE4C-C065BB1C98B0}.Release|ARM64.ActiveCfg = Release|x64
		{5BF0AA4A-5FE4-45F7-BE4C-C065BB1C98B0}.Release|x64.ActiveCfg = Release|x64
		{5BF0AA4A-5FE4-45F7-BE4C-C065BB1C98B0}.Release|x64.Build.0 = Release|x64
		{5BF0AA4A-5FE4-45F7-BE4C-C065BB1C98B0}.Release|x64.Deploy.0 = Release|x64
		{5BF0AA4A-5FE4-45F7-BE4C-C065BB1C98B0}.Release|x86.ActiveCfg = Release|x64
		{E8EC02EE-6D48-4D64-8050-C9B2704C48C0}.Debug|Any CPU.ActiveCfg = Debug|x64
		{E8EC02EE-6D48-4D64-8050-C9B2704C48C0}.Debug|ARM.ActiveCfg = Debug|x64
		{E8EC02EE-6D48-4D64-8050-C9B2704C48C0}.Debug|ARM64.ActiveCfg = Debug|x64
		{E8EC02EE-6D48-4D64-8050-C9B2704C48C0}.Debug|x64.ActiveCfg = Debug|x64
		{E8EC02EE-6D48-4D64-8050-C9B2704C48C0}.Debug|x64.Build.0 = Debug|x64
		{E8EC02EE-6D48-4D64-8050-C9B2704C48C0}.Debug|x86.ActiveCfg = Debug|x64
		{E8EC02EE-6D48-4D64-8050-C9B2704C48C0}.Release|Any CPU.ActiveCfg = Release|x64
		{E8EC02EE-6D48-4D64-8050-C9B2704C48C0}.Release|ARM.ActiveCfg = Release|x64
		{E8EC02EE-6D48-4D64-8050-C9B2704C48C0}.Release|ARM64.ActiveCfg = Release|x64
		{E8EC02EE-6D48-4D64-8050-C9B2704C48C0}.Release|x64.ActiveCfg = Release|x64
		{E8EC02EE-6D48-4D64-8050-C9B2704C48C0}.Release|x86.ActiveCfg = Release|x64
		{3F931D8D-8CC4-4289-B2AC-18F82CD95701}.Debug|Any CPU.ActiveCfg = Debug|x64
		{3F931D8D-8CC4-4289-B2AC-18F82CD95701}.Debug|ARM.ActiveCfg = Debug|x64
		{3F931D8D-8CC4-4289-B2AC-18F82CD95701}.Debug|ARM64.ActiveCfg = Debug|x64
		{3F931D8D-8CC4-4289-B2AC-18F82CD95701}.Debug|x64.ActiveCfg = Debug|x64
		{3F931D8D-8CC4-4289-B2AC-18F82CD95701}.Debug|x64.Build.0 = Debug|x64
		{3F931D8D-8CC4-4289-B2AC-18F82CD95701}.Debug|x86.ActiveCfg = Debug|x64
		{3F931D8D-8CC4-4289-B2AC-18F82CD95701}.Release|Any CPU.ActiveCfg = Release|x64
		{3F931D8D-8CC4-4289-B2AC-18F82CD95701}.Release|ARM.ActiveCfg = Release|x64
		{3F931D8D-8CC4-4289-B2AC-18F82CD95701}.Release|ARM64.ActiveCfg = Release|x64
		{3F931D8D-8CC4-4289-B2AC-18F82CD95701}.Release|x64.ActiveCfg = Release|x64
		{3F931D8D-8CC4-4289-B2AC-18F82CD95701}.Release|x86.ActiveCfg = Release|x64
		{2345CF2E-99FA-42AD-8F58-B714A4B1046E}.Debug|Any CPU.ActiveCfg = Debug|x64
		{2345CF2E-99FA-42AD-8F58-B714A4B1046E}.Debug|ARM.ActiveCfg = Debug|x64
		{2345CF2E-99FA-42AD-8F58-B714A4B1046E}.Debug|ARM64.ActiveCfg = Debug|x64
		{2345CF2E-99FA-42AD-8F58-B714A4B1046E}.Debug|x64.ActiveCfg = Debug|x64
		{2345CF2E-99FA-42AD-8F58-B714A4B1046E}.Debug|x64.Build.0 = Debug|x64
		{2345CF2E-99FA-42AD-8F58-B714A4B1046E}.Debug|x86.ActiveCfg = Debug|x64
		{2345CF2E-99FA-42AD-8F58-B714A4B1046E}.Release|Any CPU.ActiveCfg = Release|x64
		{2345CF2E-99FA-42AD-8F58-B714A4B1046E}.Release|ARM.ActiveCfg = Release|x64
		{2345CF2E-99FA-42AD-8F58-B714A4B1046E}.Release|ARM64.ActiveCfg = Release|x64
		{2345CF2E-99FA-42AD-8F58-B714A4B1046E}.Release|x64.ActiveCfg = Release|x64
		{2345CF2E-99FA-42AD-8F58-B714A4B1046E}.Release|x86.ActiveCfg = Release|x64
	EndGlobalSection
	GlobalSection(SolutionProperties) = preSolution
		HideSolutionNode = FALSE
	EndGlobalSection
	GlobalSection(NestedProjects) = preSolution
		{88DFA8B5-761C-41AC-A5B6-EEC23DB9BE17} = {1A6E8344-092D-4FFB-9D1F-B5A9BF62B37C}
		{DCB8C5A7-5EA9-4541-B2E3-E3CA83566622} = {1A6E8344-092D-4FFB-9D1F-B5A9BF62B37C}
		{224E71DF-7F8F-424E-B806-A80875B409F9} = {1A6E8344-092D-4FFB-9D1F-B5A9BF62B37C}
		{5BF0AA4A-5FE4-45F7-BE4C-C065BB1C98B0} = {1A6E8344-092D-4FFB-9D1F-B5A9BF62B37C}
		{E8EC02EE-6D48-4D64-8050-C9B2704C48C0} = {1A6E8344-092D-4FFB-9D1F-B5A9BF62B37C}
	EndGlobalSection
	GlobalSection(ExtensibilityGlobals) = postSolution
		SolutionGuid = {D11EE61A-CF30-4E92-A6D5-FB88E00A4C93}
	EndGlobalSection
EndGlobal
